// !$*UTF8*$!
{
	archiveVersion = 1;
	classes = {
	};
	objectVersion = 56;
	objects = {

/* Begin PBXFileReference section */
		357AD7A129EAD2A5000D6FC2 /* HTML_CSS_JAVASCRIPT_code_by_myself */ = {isa = PBXFileReference; lastKnownFileType = folder; path = HTML_CSS_JAVASCRIPT_code_by_myself; sourceTree = "<group>"; };
		357AD7A229EAD2A5000D6FC2 /* HTML_CSS_JavaScript */ = {isa = PBXFileReference; lastKnownFileType = folder; path = HTML_CSS_JavaScript; sourceTree = "<group>"; };
		357AD7A329EAD2A5000D6FC2 /* Python */ = {isa = PBXFileReference; lastKnownFileType = folder; path = Python; sourceTree = "<group>"; };
		357AD7A429EAD2A5000D6FC2 /* README.md */ = {isa = PBXFileReference; lastKnownFileType = net.daringfireball.markdown; path = README.md; sourceTree = "<group>"; };
		357AD7A629EAD2A5000D6FC2 /* Harmony */ = {isa = PBXFileReference; lastKnownFileType = folder; path = Harmony; sourceTree = "<group>"; };
		357AD7A729EAD2A5000D6FC2 /* Java */ = {isa = PBXFileReference; lastKnownFileType = folder; path = Java; sourceTree = "<group>"; };
		357AD7A829EAD2A5000D6FC2 /* CC++ */ = {isa = PBXFileReference; lastKnownFileType = folder; path = "CC++"; sourceTree = "<group>"; };
/* End PBXFileReference section */

/* Begin PBXGroup section */
		357AD79A29EAD24D000D6FC2 = {
			isa = PBXGroup;
			children = (
				357AD7A829EAD2A5000D6FC2 /* CC++ */,
				357AD7A629EAD2A5000D6FC2 /* Harmony */,
				357AD7A229EAD2A5000D6FC2 /* HTML_CSS_JavaScript */,
				357AD7A129EAD2A5000D6FC2 /* HTML_CSS_JAVASCRIPT_code_by_myself */,
				357AD7A729EAD2A5000D6FC2 /* Java */,
				357AD7A329EAD2A5000D6FC2 /* Python */,
				357AD7A429EAD2A5000D6FC2 /* README.md */,
			);
			sourceTree = "<group>";
		};
/* End PBXGroup section */

/* Begin PBXProject section */
		357AD79B29EAD24D000D6FC2 /* Project object */ = {
			isa = PBXProject;
			attributes = {
				BuildIndependentTargetsInParallel = 1;
				LastUpgradeCheck = 1430;
			};
			buildConfigurationList = 357AD79E29EAD24D000D6FC2 /* Build configuration list for PBXProject "Programming" */;
			compatibilityVersion = "Xcode 14.0";
			developmentRegion = en;
			hasScannedForEncodings = 0;
			knownRegions = (
				en,
				Base,
			);
			mainGroup = 357AD79A29EAD24D000D6FC2;
			projectDirPath = "";
			projectRoot = "";
			targets = (
			);
		};
/* End PBXProject section */

/* Begin XCBuildConfiguration section */
		357AD79F29EAD24D000D6FC2 /* Debug */ = {
			isa = XCBuildConfiguration;
			buildSettings = {
			};
			name = Debug;
		};
		357AD7A029EAD24D000D6FC2 /* Release */ = {
			isa = XCBuildConfiguration;
			buildSettings = {
			};
			name = Release;
		};
/* End XCBuildConfiguration section */

/* Begin XCConfigurationList section */
		357AD79E29EAD24D000D6FC2 /* Build configuration list for PBXProject "Programming" */ = {
			isa = XCConfigurationList;
			buildConfigurations = (
				357AD79F29EAD24D000D6FC2 /* Debug */,
				357AD7A029EAD24D000D6FC2 /* Release */,
			);
			defaultConfigurationIsVisible = 0;
			defaultConfigurationName = Release;
		};
/* End XCConfigurationList section */
	};
	rootObject = 357AD79B29EAD24D000D6FC2 /* Project object */;
}
